{
  "lockfileVersion": 1,
  "configVersion": 1,
  "workspaces": {
    "": {
      "name": "textmate-grammar-test",
      "dependencies": {
        "@serkonda7/ts-result": "~1.0.4",
        "chalk": "~5.6.2",
        "commander": "~14.0.3",
        "glob": "~13.0.6",
        "vscode-oniguruma": "~2.0.1",
        "vscode-textmate": "~9.3.2",
      },
      "devDependencies": {
        "@biomejs/biome": "~2.4.13",
        "@types/bun": "~1.3.13",
        "@types/node": "~22.19.17",
        "@typescript/native-preview": "~7.0.0-dev.20260425.1",
      },
    },
  },
  "packages": {
    "@biomejs/biome": ["@biomejs/biome@2.4.13", "", { "optionalDependencies": { "@biomejs/cli-darwin-arm64": "2.4.13", "@biomejs/cli-darwin-x64": "2.4.13", "@biomejs/cli-linux-arm64": "2.4.13", "@biomejs/cli-linux-arm64-musl": "2.4.13", "@biomejs/cli-linux-x64": "2.4.13", "@biomejs/cli-linux-x64-musl": "2.4.13", "@biomejs/cli-win32-arm64": "2.4.13", "@biomejs/cli-win32-x64": "2.4.13" }, "bin": { "biome": "bin/biome" } }, "sha512-gLXOwkOBBg0tr7bDsqlkIh4uFeKuMjxvqsrb1Tukww1iDmHcfr4Uu8MoQxp0Rcte+69+osRNWXwHsu/zxT6XqA=="],

    "@biomejs/cli-darwin-arm64": ["@biomejs/cli-darwin-arm64@2.4.13", "", { "os": "darwin", "cpu": "arm64" }, "sha512-2KImO1jhNFBa2oWConyr0x6flxbQpGKv6902uGXpYM62Xyem8U80j441SyUJ8KyngsmKbQjeIv1q2CQfDkNnYg=="],

    "@biomejs/cli-darwin-x64": ["@biomejs/cli-darwin-x64@2.4.13", "", { "os": "darwin", "cpu": "x64" }, "sha512-BKrJklbaFN4p1Ts4kPBczo+PkbsHQg57kmJ+vON9u2t6uN5okYHaSr7h/MutPCWQgg2lglaWoSmm+zhYW+oOkg=="],

    "@biomejs/cli-linux-arm64": ["@biomejs/cli-linux-arm64@2.4.13", "", { "os": "linux", "cpu": "arm64" }, "sha512-NzkUDSqfvMBrPplKgVr3aXLHZ2NEELvvF4vZxXulEylKWIGqlvNEcwUcj9OLrn75TD3lJ/GIqCVlBwd1MZCuYQ=="],

    "@biomejs/cli-linux-arm64-musl": ["@biomejs/cli-linux-arm64-musl@2.4.13", "", { "os": "linux", "cpu": "arm64" }, "sha512-U5MsuBQW25dXaYtqWWSPM3P96H6Y+fHuja3TQpMNnylocHW0tEbtFTDlUj6oM+YJLntvEkQy4grBvQNUD4+RCg=="],

    "@biomejs/cli-linux-x64": ["@biomejs/cli-linux-x64@2.4.13", "", { "os": "linux", "cpu": "x64" }, "sha512-Az3ZZedYRBo9EQzNnD9SxFcR1G5QsGo6VEc2hIyVPZ1rdKwee/7E9oeBBZFpE8Z44ekxsDQBqbiWGW5ShOhUSQ=="],

    "@biomejs/cli-linux-x64-musl": ["@biomejs/cli-linux-x64-musl@2.4.13", "", { "os": "linux", "cpu": "x64" }, "sha512-Z601MienRgTBDza/+u2CH3RSrWoXo9rtr8NK6A4KJzqGgfxx+H3VlyLgTJ4sRo40T3pIsqpTmiOQEvYzQvBRvQ=="],

    "@biomejs/cli-win32-arm64": ["@biomejs/cli-win32-arm64@2.4.13", "", { "os": "win32", "cpu": "arm64" }, "sha512-Px9PS2B5/Q183bUwy/5VHqp3J2lzdOCeVGzMpphYfl8oSa7VDCqenBdqWpy6DCy/en4Rbf/Y1RieZF6dJPcc9A=="],

    "@biomejs/cli-win32-x64": ["@biomejs/cli-win32-x64@2.4.13", "", { "os": "win32", "cpu": "x64" }, "sha512-tTcMkXyBrmHi9BfrD2VNHs/5rYIUKETqsBlYOvSAABwBkJhSDVb5e7wPukftsQbO3WzQkXe6kaztC6WtUOXSoQ=="],

    "@serkonda7/ts-result": ["@serkonda7/ts-result@1.0.4", "", {}, "sha512-XDJAep1KU1KFeCAn3ehONqtjTktDdtXp6x3HAMJBtOMtdEYVioKL8Qda8LqMIsNhnNp61r2pH+6kwmWb3SWZpQ=="],

    "@types/bun": ["@types/bun@1.3.13", "", { "dependencies": { "bun-types": "1.3.13" } }, "sha512-9fqXWk5YIHGGnUau9TEi+qdlTYDAnOj+xLCmSTwXfAIqXr2x4tytJb43E9uCvt09zJURKXwAtkoH4nLQfzeTXw=="],

    "@types/node": ["@types/node@22.19.17", "", { "dependencies": { "undici-types": "~6.21.0" } }, "sha512-wGdMcf+vPYM6jikpS/qhg6WiqSV/OhG+jeeHT/KlVqxYfD40iYJf9/AE1uQxVWFvU7MipKRkRv8NSHiCGgPr8Q=="],

    "@typescript/native-preview": ["@typescript/native-preview@7.0.0-dev.20260425.1", "", { "optionalDependencies": { "@typescript/native-preview-darwin-arm64": "7.0.0-dev.20260425.1", "@typescript/native-preview-darwin-x64": "7.0.0-dev.20260425.1", "@typescript/native-preview-linux-arm": "7.0.0-dev.20260425.1", "@typescript/native-preview-linux-arm64": "7.0.0-dev.20260425.1", "@typescript/native-preview-linux-x64": "7.0.0-dev.20260425.1", "@typescript/native-preview-win32-arm64": "7.0.0-dev.20260425.1", "@typescript/native-preview-win32-x64": "7.0.0-dev.20260425.1" }, "bin": { "tsgo": "bin/tsgo.js" } }, "sha512-qhSVDT9DsoKPBeEm777eUUkiCDjBFlF7wwjfMvcPctZFVHfD6b1O1icpfCdQHPqzjrSXWu2YaNiY0DXbljTmgw=="],

    "@typescript/native-preview-darwin-arm64": ["@typescript/native-preview-darwin-arm64@7.0.0-dev.20260425.1", "", { "os": "darwin", "cpu": "arm64" }, "sha512-vM7O+PlxHRUT4Dv0VkxEmU3N2uyWeSFrhu57O7s3SE9TX1ENljwQlCFG0oQdBGLBRo+SZSoedxKL5jOGlD1eiw=="],

    "@typescript/native-preview-darwin-x64": ["@typescript/native-preview-darwin-x64@7.0.0-dev.20260425.1", "", { "os": "darwin", "cpu": "x64" }, "sha512-EiikklZSuEvMhZEeN0VRb0vmedhLgtKwz5p4Oz9e8hlJ4lLrslgvX7Z7JWb2YSKlhm14dUlRMvdoe+6t+56rSA=="],

    "@typescript/native-preview-linux-arm": ["@typescript/native-preview-linux-arm@7.0.0-dev.20260425.1", "", { "os": "linux", "cpu": "arm" }, "sha512-9eWInaHqhfTu1Mt/1M85p5M+HlSStahAQkqYaW9rJzUWRe+AcVUKsN6I7U7iwxbkCT8gFZsMCRqABcwBUWw3kg=="],

    "@typescript/native-preview-linux-arm64": ["@typescript/native-preview-linux-arm64@7.0.0-dev.20260425.1", "", { "os": "linux", "cpu": "arm64" }, "sha512-5KJ++prl1dscJtxnkE7Cb6rjud4T3nO4mcnKhkCfYcQaFtFrvcZhBtDobwcpSzHbfsW0MeM+QCy1UfWoK4gjUQ=="],

    "@typescript/native-preview-linux-x64": ["@typescript/native-preview-linux-x64@7.0.0-dev.20260425.1", "", { "os": "linux", "cpu": "x64" }, "sha512-a/E/8UL2x6nWmIJwrrbEvLz938RMcrFfm5hLRKaPMjCE32bgwesBZEG5jRn8fzQes+4HICRXKEaL544jtb/Syg=="],

    "@typescript/native-preview-win32-arm64": ["@typescript/native-preview-win32-arm64@7.0.0-dev.20260425.1", "", { "os": "win32", "cpu": "arm64" }, "sha512-BZ7jEnaNZHkHbq9LWuqqIgYMmMb2E2NReMybjOyl3ASFmJHYekDnytXIT3Zbp4dyPLJV55faGzLqMw2MMS81NA=="],

    "@typescript/native-preview-win32-x64": ["@typescript/native-preview-win32-x64@7.0.0-dev.20260425.1", "", { "os": "win32", "cpu": "x64" }, "sha512-/iwK50mO31lKr1KVDRCqW5xGyKArZuq9jQr2b/PJ3e0xEuV6hoJ4Kok11LA1lhx1uctqr3UXKmfwQF3HWqcZTQ=="],

    "balanced-match": ["balanced-match@4.0.4", "", {}, "sha512-BLrgEcRTwX2o6gGxGOCNyMvGSp35YofuYzw9h1IMTRmKqttAZZVU67bdb9Pr2vUHA8+j3i2tJfjO6C6+4myGTA=="],

    "brace-expansion": ["brace-expansion@5.0.3", "", { "dependencies": { "balanced-match": "^4.0.2" } }, "sha512-fy6KJm2RawA5RcHkLa1z/ScpBeA762UF9KmZQxwIbDtRJrgLzM10depAiEQ+CXYcoiqW1/m96OAAoke2nE9EeA=="],

    "bun-types": ["bun-types@1.3.13", "", { "dependencies": { "@types/node": "*" } }, "sha512-QXKeHLlOLqQX9LgYaHJfzdBaV21T63HhFJnvuRCcjZiaUDpbs5ED1MgxbMra71CsryN/1dAoXuJJJwIv/2drVA=="],

    "chalk": ["chalk@5.6.2", "", {}, "sha512-7NzBL0rN6fMUW+f7A6Io4h40qQlG+xGmtMxfbnH/K7TAtt8JQWVQK+6g0UXKMeVJoyV5EkkNsErQ8pVD3bLHbA=="],

    "commander": ["commander@14.0.3", "", {}, "sha512-H+y0Jo/T1RZ9qPP4Eh1pkcQcLRglraJaSLoyOtHxu6AapkjWVCy2Sit1QQ4x3Dng8qDlSsZEet7g5Pq06MvTgw=="],

    "glob": ["glob@13.0.6", "", { "dependencies": { "minimatch": "^10.2.2", "minipass": "^7.1.3", "path-scurry": "^2.0.2" } }, "sha512-Wjlyrolmm8uDpm/ogGyXZXb1Z+Ca2B8NbJwqBVg0axK9GbBeoS7yGV6vjXnYdGm6X53iehEuxxbyiKp8QmN4Vw=="],

    "lru-cache": ["lru-cache@11.2.4", "", {}, "sha512-B5Y16Jr9LB9dHVkh6ZevG+vAbOsNOYCX+sXvFWFu7B3Iz5mijW3zdbMyhsh8ANd2mSWBYdJgnqi+mL7/LrOPYg=="],

    "minimatch": ["minimatch@10.2.2", "", { "dependencies": { "brace-expansion": "^5.0.2" } }, "sha512-+G4CpNBxa5MprY+04MbgOw1v7So6n5JY166pFi9KfYwT78fxScCeSNQSNzp6dpPSW2rONOps6Ocam1wFhCgoVw=="],

    "minipass": ["minipass@7.1.3", "", {}, "sha512-tEBHqDnIoM/1rXME1zgka9g6Q2lcoCkxHLuc7ODJ5BxbP5d4c2Z5cGgtXAku59200Cx7diuHTOYfSBD8n6mm8A=="],

    "path-scurry": ["path-scurry@2.0.2", "", { "dependencies": { "lru-cache": "^11.0.0", "minipass": "^7.1.2" } }, "sha512-3O/iVVsJAPsOnpwWIeD+d6z/7PmqApyQePUtCndjatj/9I5LylHvt5qluFaBT3I5h3r1ejfR056c+FCv+NnNXg=="],

    "undici-types": ["undici-types@6.21.0", "", {}, "sha512-iwDZqg0QAGrg9Rav5H4n0M64c3mkR59cJ6wQp+7C4nI0gsmExaedaYLNO44eT4AtBBwjbTiGPMlt2Md0T9H9JQ=="],

    "vscode-oniguruma": ["vscode-oniguruma@2.0.1", "", {}, "sha512-poJU8iHIWnC3vgphJnrLZyI3YdqRlR27xzqDmpPXYzA93R4Gk8z7T6oqDzDoHjoikA2aS82crdXFkjELCdJsjQ=="],

    "vscode-textmate": ["vscode-textmate@9.3.2", "", {}, "sha512-n2uGbUcrjhUEBH16uGA0TvUfhWwliFZ1e3+pTjrkim1Mt7ydB41lV08aUvsi70OlzDWp6X7Bx3w/x3fAXIsN0Q=="],
  }
}
